
Microsoft Visual Studio Solution File, Format Version 12.00
# Visual Studio 15
VisualStudioVersion = 15.0.28307.539
MinimumVisualStudioVersion = 10.0.40219.1
Project("{9A19103F-16F7-4668-BE54-9A1E7A4F7556}") = "DotNetConfPl.Refactoring", "DotNetConfPl.Refactoring.csproj", "{A96FA138-05A4-4B83-A1F4-B6C5F0D1B37D}"
EndProject
Global
	GlobalSection(SolutionConfigurationPlatforms) = preSolution
		Debug|Any CPU = Debug|Any CPU
		Release|Any CPU = Release|Any CPU
	EndGlobalSection
	GlobalSection(ProjectConfigurationPlatforms) = postSolution
		{A96FA138-05A4-4B83-A1F4-B6C5F0D1B37D}.Debug|Any CPU.ActiveCfg = Debug|Any CPU
		{A96FA138-05A4-4B83-A1F4-B6C5F0D1B37D}.Debug|Any CPU.Build.0 = Debug|Any CPU
		{A96FA138-05A4-4B83-A1F4-B6C5F0D1B37D}.Release|Any CPU.ActiveCfg = Release|Any CPU
		{A96FA138-05A4-4B83-A1F4-B6C5F0D1B37D}.Release|Any CPU.Build.0 = Release|Any CPU
	EndGlobalSection
	GlobalSection(SolutionProperties) = preSolution
		HideSolutionNode = FALSE
	EndGlobalSection
	GlobalSection(ExtensibilityGlobals) = postSolution
		SolutionGuid = {5FBD7C7C-2C9D-49A1-9797-CBFE60866DF6}
	EndGlobalSection
EndGlobal
